
Microsoft Visual Studio Solution File, Format Version 12.00
# Visual Studio Version 16
VisualStudioVersion = 16.0.30804.86
MinimumVisualStudioVersion = 10.0.40219.1
Project("{FAE04EC0-301F-11D3-BF4B-00C04F79EFBC}") = "Ex28_template", "Ex28_template\Ex28_template.csproj", "{98AF65C1-287A-420B-A010-1855D56A0A25}"
EndProject
Global
	GlobalSection(SolutionConfigurationPlatforms) = preSolution
		Debug|Any CPU = Debug|Any CPU
		Release|Any CPU = Release|Any CPU
	EndGlobalSection
	GlobalSection(ProjectConfigurationPlatforms) = postSolution
		{98AF65C1-287A-420B-A010-1855D56A0A25}.Debug|Any CPU.ActiveCfg = Debug|Any CPU
		{98AF65C1-287A-420B-A010-1855D56A0A25}.Debug|Any CPU.Build.0 = Debug|Any CPU
		{98AF65C1-287A-420B-A010-1855D56A0A25}.Release|Any CPU.ActiveCfg = Release|Any CPU
		{98AF65C1-287A-420B-A010-1855D56A0A25}.Release|Any CPU.Build.0 = Release|Any CPU
	EndGlobalSection
	GlobalSection(SolutionProperties) = preSolution
		HideSolutionNode = FALSE
	EndGlobalSection
	GlobalSection(ExtensibilityGlobals) = postSolution
		SolutionGuid = {121FBB2E-4DBD-4EDE-B74E-7D72E3AD4DC0}
	EndGlobalSection
EndGlobal
